
Microsoft Visual Studio Solution File, Format Version 12.00
# Visual Studio Version 16
VisualStudioVersion = 16.0.30225.117
MinimumVisualStudioVersion = 10.0.40219.1
Project("{FAE04EC0-301F-11D3-BF4B-00C04F79EFBC}") = "WebApiABB2", "WebApiABB2\WebApiABB2.csproj", "{B3171E2E-8399-4E11-A737-DDA6DA16C0EC}"
EndProject
Global
	GlobalSection(SolutionConfigurationPlatforms) = preSolution
		Debug|Any CPU = Debug|Any CPU
		Release|Any CPU = Release|Any CPU
	EndGlobalSection
	GlobalSection(ProjectConfigurationPlatforms) = postSolution
		{B3171E2E-8399-4E11-A737-DDA6DA16C0EC}.Debug|Any CPU.ActiveCfg = Debug|Any CPU
		{B3171E2E-8399-4E11-A737-DDA6DA16C0EC}.Debug|Any CPU.Build.0 = Debug|Any CPU
		{B3171E2E-8399-4E11-A737-DDA6DA16C0EC}.Release|Any CPU.ActiveCfg = Release|Any CPU
		{B3171E2E-8399-4E11-A737-DDA6DA16C0EC}.Release|Any CPU.Build.0 = Release|Any CPU
	EndGlobalSection
	GlobalSection(SolutionProperties) = preSolution
		HideSolutionNode = FALSE
	EndGlobalSection
	GlobalSection(ExtensibilityGlobals) = postSolution
		SolutionGuid = {E25C9F2A-BD3D-4079-8E8C-3858D66EA741}
	EndGlobalSection
EndGlobal
